// !$*UTF8*$!
{
	archiveVersion = 1;
	classes = {
	};
	objectVersion = 56;
	objects = {

/* Begin PBXBuildFile section */
		308C8E332A942060007270C6 /* Pokedex_VerkadaApp.swift in Sources */ = {isa = PBXBuildFile; fileRef = 308C8E322A942060007270C6 /* Pokedex_VerkadaApp.swift */; };
		308C8E372A942061007270C6 /* Assets.xcassets in Resources */ = {isa = PBXBuildFile; fileRef = 308C8E362A942061007270C6 /* Assets.xcassets */; };
		308C8E3A2A942061007270C6 /* Preview Assets.xcassets in Resources */ = {isa = PBXBuildFile; fileRef = 308C8E392A942061007270C6 /* Preview Assets.xcassets */; };
		308C8E442A942061007270C6 /* Pokedex_VerkadaTests.swift in Sources */ = {isa = PBXBuildFile; fileRef = 308C8E432A942061007270C6 /* Pokedex_VerkadaTests.swift */; };
		308C8E4E2A942061007270C6 /* Pokedex_VerkadaUITests.swift in Sources */ = {isa = PBXBuildFile; fileRef = 308C8E4D2A942061007270C6 /* Pokedex_VerkadaUITests.swift */; };
		308C8E502A942061007270C6 /* Pokedex_VerkadaUITestsLaunchTests.swift in Sources */ = {isa = PBXBuildFile; fileRef = 308C8E4F2A942061007270C6 /* Pokedex_VerkadaUITestsLaunchTests.swift */; };
		308C8E662A9434D7007270C6 /* PokemonViewModel.swift in Sources */ = {isa = PBXBuildFile; fileRef = 308C8E652A9434D7007270C6 /* PokemonViewModel.swift */; };
		308C8E682A9434EB007270C6 /* PokemonModel.swift in Sources */ = {isa = PBXBuildFile; fileRef = 308C8E672A9434EB007270C6 /* PokemonModel.swift */; };
		308C8E732A9463F1007270C6 /* PokedexView.swift in Sources */ = {isa = PBXBuildFile; fileRef = 308C8E722A9463F1007270C6 /* PokedexView.swift */; };
		308C8E762A94692A007270C6 /* SDWebImageSwiftUI in Frameworks */ = {isa = PBXBuildFile; productRef = 308C8E752A94692A007270C6 /* SDWebImageSwiftUI */; };
/* End PBXBuildFile section */

/* Begin PBXContainerItemProxy section */
		308C8E402A942061007270C6 /* PBXContainerItemProxy */ = {
			isa = PBXContainerItemProxy;
			containerPortal = 308C8E272A942060007270C6 /* Project object */;
			proxyType = 1;
			remoteGlobalIDString = 308C8E2E2A942060007270C6;
			remoteInfo = "Pokedex-Verkada";
		};
		308C8E4A2A942061007270C6 /* PBXContainerItemProxy */ = {
			isa = PBXContainerItemProxy;
			containerPortal = 308C8E272A942060007270C6 /* Project object */;
			proxyType = 1;
			remoteGlobalIDString = 308C8E2E2A942060007270C6;
			remoteInfo = "Pokedex-Verkada";
		};
/* End PBXContainerItemProxy section */

/* Begin PBXFileReference section */
		308C8E2F2A942060007270C6 /* Pokedex-Verkada.app */ = {isa = PBXFileReference; explicitFileType = wrapper.application; includeInIndex = 0; path = "Pokedex-Verkada.app"; sourceTree = BUILT_PRODUCTS_DIR; };
		308C8E322A942060007270C6 /* Pokedex_VerkadaApp.swift */ = {isa = PBXFileReference; lastKnownFileType = sourcecode.swift; path = Pokedex_VerkadaApp.swift; sourceTree = "<group>"; };
		308C8E362A942061007270C6 /* Assets.xcassets */ = {isa = PBXFileReference; lastKnownFileType = folder.assetcatalog; path = Assets.xcassets; sourceTree = "<group>"; };
		308C8E392A942061007270C6 /* Preview Assets.xcassets */ = {isa = PBXFileReference; lastKnownFileType = folder.assetcatalog; path = "Preview Assets.xcassets"; sourceTree = "<group>"; };
		308C8E3F2A942061007270C6 /* Pokedex-VerkadaTests.xctest */ = {isa = PBXFileReference; explicitFileType = wrapper.cfbundle; includeInIndex = 0; path = "Pokedex-VerkadaTests.xctest"; sourceTree = BUILT_PRODUCTS_DIR; };
		308C8E432A942061007270C6 /* Pokedex_VerkadaTests.swift */ = {isa = PBXFileReference; lastKnownFileType = sourcecode.swift; path = Pokedex_VerkadaTests.swift; sourceTree = "<group>"; };
		308C8E492A942061007270C6 /* Pokedex-VerkadaUITests.xctest */ = {isa = PBXFileReference; explicitFileType = wrapper.cfbundle; includeInIndex = 0; path = "Pokedex-VerkadaUITests.xctest"; sourceTree = BUILT_PRODUCTS_DIR; };
		308C8E4D2A942061007270C6 /* Pokedex_VerkadaUITests.swift */ = {isa = PBXFileReference; lastKnownFileType = sourcecode.swift; path = Pokedex_VerkadaUITests.swift; sourceTree = "<group>"; };
		308C8E4F2A942061007270C6 /* Pokedex_VerkadaUITestsLaunchTests.swift */ = {isa = PBXFileReference; lastKnownFileType = sourcecode.swift; path = Pokedex_VerkadaUITestsLaunchTests.swift; sourceTree = "<group>"; };
		308C8E652A9434D7007270C6 /* PokemonViewModel.swift */ = {isa = PBXFileReference; lastKnownFileType = sourcecode.swift; path = PokemonViewModel.swift; sourceTree = "<group>"; };
		308C8E672A9434EB007270C6 /* PokemonModel.swift */ = {isa = PBXFileReference; lastKnownFileType = sourcecode.swift; path = PokemonModel.swift; sourceTree = "<group>"; };
		308C8E722A9463F1007270C6 /* PokedexView.swift */ = {isa = PBXFileReference; lastKnownFileType = sourcecode.swift; path = PokedexView.swift; sourceTree = "<group>"; };
/* End PBXFileReference section */

/* Begin PBXFrameworksBuildPhase section */
		308C8E2C2A942060007270C6 /* Frameworks */ = {
			isa = PBXFrameworksBuildPhase;
			buildActionMask = 2147483647;
			files = (
				308C8E762A94692A007270C6 /* SDWebImageSwiftUI in Frameworks */,
			);
			runOnlyForDeploymentPostprocessing = 0;
		};
		308C8E3C2A942061007270C6 /* Frameworks */ = {
			isa = PBXFrameworksBuildPhase;
			buildActionMask = 2147483647;
			files = (
			);
			runOnlyForDeploymentPostprocessing = 0;
		};
		308C8E462A942061007270C6 /* Frameworks */ = {
			isa = PBXFrameworksBuildPhase;
			buildActionMask = 2147483647;
			files = (
			);
			runOnlyForDeploymentPostprocessing = 0;
		};
/* End PBXFrameworksBuildPhase section */

/* Begin PBXGroup section */
		308C8E262A942060007270C6 = {
			isa = PBXGroup;
			children = (
				308C8E312A942060007270C6 /* Pokedex-Verkada */,
				308C8E422A942061007270C6 /* Pokedex-VerkadaTests */,
				308C8E4C2A942061007270C6 /* Pokedex-VerkadaUITests */,
				308C8E302A942060007270C6 /* Products */,
			);
			sourceTree = "<group>";
		};
		308C8E302A942060007270C6 /* Products */ = {
			isa = PBXGroup;
			children = (
				308C8E2F2A942060007270C6 /* Pokedex-Verkada.app */,
				308C8E3F2A942061007270C6 /* Pokedex-VerkadaTests.xctest */,
				308C8E492A942061007270C6 /* Pokedex-VerkadaUITests.xctest */,
			);
			name = Products;
			sourceTree = "<group>";
		};
		308C8E312A942060007270C6 /* Pokedex-Verkada */ = {
			isa = PBXGroup;
			children = (
				308C8E5E2A942491007270C6 /* ViewModel */,
				308C8E5D2A942488007270C6 /* View */,
				308C8E5C2A942480007270C6 /* Model */,
				308C8E322A942060007270C6 /* Pokedex_VerkadaApp.swift */,
				308C8E362A942061007270C6 /* Assets.xcassets */,
				308C8E382A942061007270C6 /* Preview Content */,
			);
			path = "Pokedex-Verkada";
			sourceTree = "<group>";
		};
		308C8E382A942061007270C6 /* Preview Content */ = {
			isa = PBXGroup;
			children = (
				308C8E392A942061007270C6 /* Preview Assets.xcassets */,
			);
			path = "Preview Content";
			sourceTree = "<group>";
		};
		308C8E422A942061007270C6 /* Pokedex-VerkadaTests */ = {
			isa = PBXGroup;
			children = (
				308C8E432A942061007270C6 /* Pokedex_VerkadaTests.swift */,
			);
			path = "Pokedex-VerkadaTests";
			sourceTree = "<group>";
		};
		308C8E4C2A942061007270C6 /* Pokedex-VerkadaUITests */ = {
			isa = PBXGroup;
			children = (
				308C8E4D2A942061007270C6 /* Pokedex_VerkadaUITests.swift */,
				308C8E4F2A942061007270C6 /* Pokedex_VerkadaUITestsLaunchTests.swift */,
			);
			path = "Pokedex-VerkadaUITests";
			sourceTree = "<group>";
		};
		308C8E5C2A942480007270C6 /* Model */ = {
			isa = PBXGroup;
			children = (
				308C8E672A9434EB007270C6 /* PokemonModel.swift */,
			);
			path = Model;
			sourceTree = "<group>";
		};
		308C8E5D2A942488007270C6 /* View */ = {
			isa = PBXGroup;
			children = (
				308C8E722A9463F1007270C6 /* PokedexView.swift */,
			);
			path = View;
			sourceTree = "<group>";
		};
		308C8E5E2A942491007270C6 /* ViewModel */ = {
			isa = PBXGroup;
			children = (
				308C8E652A9434D7007270C6 /* PokemonViewModel.swift */,
			);
			path = ViewModel;
			sourceTree = "<group>";
		};
/* End PBXGroup section */

/* Begin PBXNativeTarget section */
		308C8E2E2A942060007270C6 /* Pokedex-Verkada */ = {
			isa = PBXNativeTarget;
			buildConfigurationList = 308C8E532A942061007270C6 /* Build configuration list for PBXNativeTarget "Pokedex-Verkada" */;
			buildPhases = (
				308C8E2B2A942060007270C6 /* Sources */,
				308C8E2C2A942060007270C6 /* Frameworks */,
				308C8E2D2A942060007270C6 /* Resources */,
			);
			buildRules = (
			);
			dependencies = (
			);
			name = "Pokedex-Verkada";
			packageProductDependencies = (
				308C8E752A94692A007270C6 /* SDWebImageSwiftUI */,
			);
			productName = "Pokedex-Verkada";
			productReference = 308C8E2F2A942060007270C6 /* Pokedex-Verkada.app */;
			productType = "com.apple.product-type.application";
		};
		308C8E3E2A942061007270C6 /* Pokedex-VerkadaTests */ = {
			isa = PBXNativeTarget;
			buildConfigurationList = 308C8E562A942061007270C6 /* Build configuration list for PBXNativeTarget "Pokedex-VerkadaTests" */;
			buildPhases = (
				308C8E3B2A942061007270C6 /* Sources */,
				308C8E3C2A942061007270C6 /* Frameworks */,
				308C8E3D2A942061007270C6 /* Resources */,
			);
			buildRules = (
			);
			dependencies = (
				308C8E412A942061007270C6 /* PBXTargetDependency */,
			);
			name = "Pokedex-VerkadaTests";
			productName = "Pokedex-VerkadaTests";
			productReference = 308C8E3F2A942061007270C6 /* Pokedex-VerkadaTests.xctest */;
			productType = "com.apple.product-type.bundle.unit-test";
		};
		308C8E482A942061007270C6 /* Pokedex-VerkadaUITests */ = {
			isa = PBXNativeTarget;
			buildConfigurationList = 308C8E592A942061007270C6 /* Build configuration list for PBXNativeTarget "Pokedex-VerkadaUITests" */;
			buildPhases = (
				308C8E452A942061007270C6 /* Sources */,
				308C8E462A942061007270C6 /* Frameworks */,
				308C8E472A942061007270C6 /* Resources */,
			);
			buildRules = (
			);
			dependencies = (
				308C8E4B2A942061007270C6 /* PBXTargetDependency */,
			);
			name = "Pokedex-VerkadaUITests";
			productName = "Pokedex-VerkadaUITests";
			productReference = 308C8E492A942061007270C6 /* Pokedex-VerkadaUITests.xctest */;
			productType = "com.apple.product-type.bundle.ui-testing";
		};
/* End PBXNativeTarget section */

/* Begin PBXProject section */
		308C8E272A942060007270C6 /* Project object */ = {
			isa = PBXProject;
			attributes = {
				BuildIndependentTargetsInParallel = 1;
				LastSwiftUpdateCheck = 1430;
				LastUpgradeCheck = 1430;
				TargetAttributes = {
					308C8E2E2A942060007270C6 = {
						CreatedOnToolsVersion = 14.3.1;
					};
					308C8E3E2A942061007270C6 = {
						CreatedOnToolsVersion = 14.3.1;
						TestTargetID = 308C8E2E2A942060007270C6;
					};
					308C8E482A942061007270C6 = {
						CreatedOnToolsVersion = 14.3.1;
						TestTargetID = 308C8E2E2A942060007270C6;
					};
				};
			};
			buildConfigurationList = 308C8E2A2A942060007270C6 /* Build configuration list for PBXProject "Pokedex-Verkada" */;
			compatibilityVersion = "Xcode 14.0";
			developmentRegion = en;
			hasScannedForEncodings = 0;
			knownRegions = (
				en,
				Base,
			);
			mainGroup = 308C8E262A942060007270C6;
			packageReferences = (
				308C8E742A94692A007270C6 /* XCRemoteSwiftPackageReference "SDWebImageSwiftUI" */,
			);
			productRefGroup = 308C8E302A942060007270C6 /* Products */;
			projectDirPath = "";
			projectRoot = "";
			targets = (
				308C8E2E2A942060007270C6 /* Pokedex-Verkada */,
				308C8E3E2A942061007270C6 /* Pokedex-VerkadaTests */,
				308C8E482A942061007270C6 /* Pokedex-VerkadaUITests */,
			);
		};
/* End PBXProject section */

/* Begin PBXResourcesBuildPhase section */
		308C8E2D2A942060007270C6 /* Resources */ = {
			isa = PBXResourcesBuildPhase;
			buildActionMask = 2147483647;
			files = (
				308C8E3A2A942061007270C6 /* Preview Assets.xcassets in Resources */,
				308C8E372A942061007270C6 /* Assets.xcassets in Resources */,
			);
			runOnlyForDeploymentPostprocessing = 0;
		};
		308C8E3D2A942061007270C6 /* Resources */ = {
			isa = PBXResourcesBuildPhase;
			buildActionMask = 2147483647;
			files = (
			);
			runOnlyForDeploymentPostprocessing = 0;
		};
		308C8E472A942061007270C6 /* Resources */ = {
			isa = PBXResourcesBuildPhase;
			buildActionMask = 2147483647;
			files = (
			);
			runOnlyForDeploymentPostprocessing = 0;
		};
/* End PBXResourcesBuildPhase section */

/* Begin PBXSourcesBuildPhase section */
		308C8E2B2A942060007270C6 /* Sources */ = {
			isa = PBXSourcesBuildPhase;
			buildActionMask = 2147483647;
			files = (
				308C8E682A9434EB007270C6 /* PokemonModel.swift in Sources */,
				308C8E662A9434D7007270C6 /* PokemonViewModel.swift in Sources */,
				308C8E732A9463F1007270C6 /* PokedexView.swift in Sources */,
				308C8E332A942060007270C6 /* Pokedex_VerkadaApp.swift in Sources */,
			);
			runOnlyForDeploymentPostprocessing = 0;
		};
		308C8E3B2A942061007270C6 /* Sources */ = {
			isa = PBXSourcesBuildPhase;
			buildActionMask = 2147483647;
			files = (
				308C8E442A942061007270C6 /* Pokedex_VerkadaTests.swift in Sources */,
			);
			runOnlyForDeploymentPostprocessing = 0;
		};
		308C8E452A942061007270C6 /* Sources */ = {
			isa = PBXSourcesBuildPhase;
			buildActionMask = 2147483647;
			files = (
				308C8E502A942061007270C6 /* Pokedex_VerkadaUITestsLaunchTests.swift in Sources */,
				308C8E4E2A942061007270C6 /* Pokedex_VerkadaUITests.swift in Sources */,
			);
			runOnlyForDeploymentPostprocessing = 0;
		};
/* End PBXSourcesBuildPhase section */

/* Begin PBXTargetDependency section */
		308C8E412A942061007270C6 /* PBXTargetDependency */ = {
			isa = PBXTargetDependency;
			target = 308C8E2E2A942060007270C6 /* Pokedex-Verkada */;
			targetProxy = 308C8E402A942061007270C6 /* PBXContainerItemProxy */;
		};
		308C8E4B2A942061007270C6 /* PBXTargetDependency */ = {
			isa = PBXTargetDependency;
			target = 308C8E2E2A942060007270C6 /* Pokedex-Verkada */;
			targetProxy = 308C8E4A2A942061007270C6 /* PBXContainerItemProxy */;
		};
/* End PBXTargetDependency section */

/* Begin XCBuildConfiguration section */
		308C8E512A942061007270C6 /* Debug */ = {
			isa = XCBuildConfiguration;
			buildSettings = {
				ALWAYS_SEARCH_USER_PATHS = NO;
				CLANG_ANALYZER_NONNULL = YES;
				CLANG_ANALYZER_NUMBER_OBJECT_CONVERSION = YES_AGGRESSIVE;
				CLANG_CXX_LANGUAGE_STANDARD = "gnu++20";
				CLANG_ENABLE_MODULES = YES;
				CLANG_ENABLE_OBJC_ARC = YES;
				CLANG_ENABLE_OBJC_WEAK = YES;
				CLANG_WARN_BLOCK_CAPTURE_AUTORELEASING = YES;
				CLANG_WARN_BOOL_CONVERSION = YES;
				CLANG_WARN_COMMA = YES;
				CLANG_WARN_CONSTANT_CONVERSION = YES;
				CLANG_WARN_DEPRECATED_OBJC_IMPLEMENTATIONS = YES;
				CLANG_WARN_DIRECT_OBJC_ISA_USAGE = YES_ERROR;
				CLANG_WARN_DOCUMENTATION_COMMENTS = YES;
				CLANG_WARN_EMPTY_BODY = YES;
				CLANG_WARN_ENUM_CONVERSION = YES;
				CLANG_WARN_INFINITE_RECURSION = YES;
				CLANG_WARN_INT_CONVERSION = YES;
				CLANG_WARN_NON_LITERAL_NULL_CONVERSION = YES;
				CLANG_WARN_OBJC_IMPLICIT_RETAIN_SELF = YES;
				CLANG_WARN_OBJC_LITERAL_CONVERSION = YES;
				CLANG_WARN_OBJC_ROOT_CLASS = YES_ERROR;
				CLANG_WARN_QUOTED_INCLUDE_IN_FRAMEWORK_HEADER = YES;
				CLANG_WARN_RANGE_LOOP_ANALYSIS = YES;
				CLANG_WARN_STRICT_PROTOTYPES = YES;
				CLANG_WARN_SUSPICIOUS_MOVE = YES;
				CLANG_WARN_UNGUARDED_AVAILABILITY = YES_AGGRESSIVE;
				CLANG_WARN_UNREACHABLE_CODE = YES;
				CLANG_WARN__DUPLICATE_METHOD_MATCH = YES;
				COPY_PHASE_STRIP = NO;
				DEBUG_INFORMATION_FORMAT = dwarf;
				ENABLE_STRICT_OBJC_MSGSEND = YES;
				ENABLE_TESTABILITY = YES;
				GCC_C_LANGUAGE_STANDARD = gnu11;
				GCC_DYNAMIC_NO_PIC = NO;
				GCC_NO_COMMON_BLOCKS = YES;
				GCC_OPTIMIZATION_LEVEL = 0;
				GCC_PREPROCESSOR_DEFINITIONS = (
					"DEBUG=1",
					"$(inherited)",
				);
				GCC_WARN_64_TO_32_BIT_CONVERSION = YES;
				GCC_WARN_ABOUT_RETURN_TYPE = YES_ERROR;
				GCC_WARN_UNDECLARED_SELECTOR = YES;
				GCC_WARN_UNINITIALIZED_AUTOS = YES_AGGRESSIVE;
				GCC_WARN_UNUSED_FUNCTION = YES;
				GCC_WARN_UNUSED_VARIABLE = YES;
				IPHONEOS_DEPLOYMENT_TARGET = 16.4;
				MTL_ENABLE_DEBUG_INFO = INCLUDE_SOURCE;
				MTL_FAST_MATH = YES;
				ONLY_ACTIVE_ARCH = YES;
				SDKROOT = iphoneos;
				SWIFT_ACTIVE_COMPILATION_CONDITIONS = DEBUG;
				SWIFT_OPTIMIZATION_LEVEL = "-Onone";
			};
			name = Debug;
		};
		308C8E522A942061007270C6 /* Release */ = {
			isa = XCBuildConfiguration;
			buildSettings = {
				ALWAYS_SEARCH_USER_PATHS = NO;
				CLANG_ANALYZER_NONNULL = YES;
				CLANG_ANALYZER_NUMBER_OBJECT_CONVERSION = YES_AGGRESSIVE;
				CLANG_CXX_LANGUAGE_STANDARD = "gnu++20";
				CLANG_ENABLE_MODULES = YES;
				CLANG_ENABLE_OBJC_ARC = YES;
				CLANG_ENABLE_OBJC_WEAK = YES;
				CLANG_WARN_BLOCK_CAPTURE_AUTORELEASING = YES;
				CLANG_WARN_BOOL_CONVERSION = YES;
				CLANG_WARN_COMMA = YES;
				CLANG_WARN_CONSTANT_CONVERSION = YES;
				CLANG_WARN_DEPRECATED_OBJC_IMPLEMENTATIONS = YES;
				CLANG_WARN_DIRECT_OBJC_ISA_USAGE = YES_ERROR;
				CLANG_WARN_DOCUMENTATION_COMMENTS = YES;
				CLANG_WARN_EMPTY_BODY = YES;
				CLANG_WARN_ENUM_CONVERSION = YES;
				CLANG_WARN_INFINITE_RECURSION = YES;
				CLANG_WARN_INT_CONVERSION = YES;
				CLANG_WARN_NON_LITERAL_NULL_CONVERSION = YES;
				CLANG_WARN_OBJC_IMPLICIT_RETAIN_SELF = YES;
				CLANG_WARN_OBJC_LITERAL_CONVERSION = YES;
				CLANG_WARN_OBJC_ROOT_CLASS = YES_ERROR;
				CLANG_WARN_QUOTED_INCLUDE_IN_FRAMEWORK_HEADER = YES;
				CLANG_WARN_RANGE_LOOP_ANALYSIS = YES;
				CLANG_WARN_STRICT_PROTOTYPES = YES;
				CLANG_WARN_SUSPICIOUS_MOVE = YES;
				CLANG_WARN_UNGUARDED_AVAILABILITY = YES_AGGRESSIVE;
				CLANG_WARN_UNREACHABLE_CODE = YES;
				CLANG_WARN__DUPLICATE_METHOD_MATCH = YES;
				COPY_PHASE_STRIP = NO;
				DEBUG_INFORMATION_FORMAT = "dwarf-with-dsym";
				ENABLE_NS_ASSERTIONS = NO;
				ENABLE_STRICT_OBJC_MSGSEND = YES;
				GCC_C_LANGUAGE_STANDARD = gnu11;
				GCC_NO_COMMON_BLOCKS = YES;
				GCC_WARN_64_TO_32_BIT_CONVERSION = YES;
				GCC_WARN_ABOUT_RETURN_TYPE = YES_ERROR;
				GCC_WARN_UNDECLARED_SELECTOR = YES;
				GCC_WARN_UNINITIALIZED_AUTOS = YES_AGGRESSIVE;
				GCC_WARN_UNUSED_FUNCTION = YES;
				GCC_WARN_UNUSED_VARIABLE = YES;
				IPHONEOS_DEPLOYMENT_TARGET = 16.4;
				MTL_ENABLE_DEBUG_INFO = NO;
				MTL_FAST_MATH = YES;
				SDKROOT = iphoneos;
				SWIFT_COMPILATION_MODE = wholemodule;
				SWIFT_OPTIMIZATION_LEVEL = "-O";
				VALIDATE_PRODUCT = YES;
			};
			name = Release;
		};
		308C8E542A942061007270C6 /* Debug */ = {
			isa = XCBuildConfiguration;
			buildSettings = {
				ASSETCATALOG_COMPILER_APPICON_NAME = AppIcon;
				ASSETCATALOG_COMPILER_GLOBAL_ACCENT_COLOR_NAME = AccentColor;
				CODE_SIGN_STYLE = Automatic;
				CURRENT_PROJECT_VERSION = 1;
				DEVELOPMENT_ASSET_PATHS = "\"Pokedex-Verkada/Preview Content\"";
				ENABLE_PREVIEWS = YES;
				GENERATE_INFOPLIST_FILE = YES;
				INFOPLIST_KEY_UIApplicationSceneManifest_Generation = YES;
				INFOPLIST_KEY_UIApplicationSupportsIndirectInputEvents = YES;
				INFOPLIST_KEY_UILaunchScreen_Generation = YES;
				INFOPLIST_KEY_UISupportedInterfaceOrientations_iPad = "UIInterfaceOrientationPortrait UIInterfaceOrientationPortraitUpsideDown UIInterfaceOrientationLandscapeLeft UIInterfaceOrientationLandscapeRight";
				INFOPLIST_KEY_UISupportedInterfaceOrientations_iPhone = "UIInterfaceOrientationPortrait UIInterfaceOrientationLandscapeLeft UIInterfaceOrientationLandscapeRight";
				LD_RUNPATH_SEARCH_PATHS = (
					"$(inherited)",
					"@executable_path/Frameworks",
				);
				MARKETING_VERSION = 1.0;
				PRODUCT_BUNDLE_IDENTIFIER = "Danny-Zhang.Pokedex-Verkada";
				PRODUCT_NAME = "$(TARGET_NAME)";
				SWIFT_EMIT_LOC_STRINGS = YES;
				SWIFT_VERSION = 5.0;
				TARGETED_DEVICE_FAMILY = "1,2";
			};
			name = Debug;
		};
		308C8E552A942061007270C6 /* Release */ = {
			isa = XCBuildConfiguration;
			buildSettings = {
				ASSETCATALOG_COMPILER_APPICON_NAME = AppIcon;
				ASSETCATALOG_COMPILER_GLOBAL_ACCENT_COLOR_NAME = AccentColor;
				CODE_SIGN_STYLE = Automatic;
				CURRENT_PROJECT_VERSION = 1;
				DEVELOPMENT_ASSET_PATHS = "\"Pokedex-Verkada/Preview Content\"";
				ENABLE_PREVIEWS = YES;
				GENERATE_INFOPLIST_FILE = YES;
				INFOPLIST_KEY_UIApplicationSceneManifest_Generation = YES;
				INFOPLIST_KEY_UIApplicationSupportsIndirectInputEvents = YES;
				INFOPLIST_KEY_UILaunchScreen_Generation = YES;
				INFOPLIST_KEY_UISupportedInterfaceOrientations_iPad = "UIInterfaceOrientationPortrait UIInterfaceOrientationPortraitUpsideDown UIInterfaceOrientationLandscapeLeft UIInterfaceOrientationLandscapeRight";
				INFOPLIST_KEY_UISupportedInterfaceOrientations_iPhone = "UIInterfaceOrientationPortrait UIInterfaceOrientationLandscapeLeft UIInterfaceOrientationLandscapeRight";
				LD_RUNPATH_SEARCH_PATHS = (
					"$(inherited)",
					"@executable_path/Frameworks",
				);
				MARKETING_VERSION = 1.0;
				PRODUCT_BUNDLE_IDENTIFIER = "Danny-Zhang.Pokedex-Verkada";
				PRODUCT_NAME = "$(TARGET_NAME)";
				SWIFT_EMIT_LOC_STRINGS = YES;
				SWIFT_VERSION = 5.0;
				TARGETED_DEVICE_FAMILY = "1,2";
			};
			name = Release;
		};
		308C8E572A942061007270C6 /* Debug */ = {
			isa = XCBuildConfiguration;
			buildSettings = {
				ALWAYS_EMBED_SWIFT_STANDARD_LIBRARIES = YES;
				BUNDLE_LOADER = "$(TEST_HOST)";
				CODE_SIGN_STYLE = Automatic;
				CURRENT_PROJECT_VERSION = 1;
				GENERATE_INFOPLIST_FILE = YES;
				IPHONEOS_DEPLOYMENT_TARGET = 16.4;
				MARKETING_VERSION = 1.0;
				PRODUCT_BUNDLE_IDENTIFIER = "Danny-Zhang.Pokedex-VerkadaTests";
				PRODUCT_NAME = "$(TARGET_NAME)";
				SWIFT_EMIT_LOC_STRINGS = NO;
				SWIFT_VERSION = 5.0;
				TARGETED_DEVICE_FAMILY = "1,2";
				TEST_HOST = "$(BUILT_PRODUCTS_DIR)/Pokedex-Verkada.app/$(BUNDLE_EXECUTABLE_FOLDER_PATH)/Pokedex-Verkada";
			};
			name = Debug;
		};
		308C8E582A942061007270C6 /* Release */ = {
			isa = XCBuildConfiguration;
			buildSettings = {
				ALWAYS_EMBED_SWIFT_STANDARD_LIBRARIES = YES;
				BUNDLE_LOADER = "$(TEST_HOST)";
				CODE_SIGN_STYLE = Automatic;
				CURRENT_PROJECT_VERSION = 1;
				GENERATE_INFOPLIST_FILE = YES;
				IPHONEOS_DEPLOYMENT_TARGET = 16.4;
				MARKETING_VERSION = 1.0;
				PRODUCT_BUNDLE_IDENTIFIER = "Danny-Zhang.Pokedex-VerkadaTests";
				PRODUCT_NAME = "$(TARGET_NAME)";
				SWIFT_EMIT_LOC_STRINGS = NO;
				SWIFT_VERSION = 5.0;
				TARGETED_DEVICE_FAMILY = "1,2";
				TEST_HOST = "$(BUILT_PRODUCTS_DIR)/Pokedex-Verkada.app/$(BUNDLE_EXECUTABLE_FOLDER_PATH)/Pokedex-Verkada";
			};
			name = Release;
		};
		308C8E5A2A942061007270C6 /* Debug */ = {
			isa = XCBuildConfiguration;
			buildSettings = {
				ALWAYS_EMBED_SWIFT_STANDARD_LIBRARIES = YES;
				CODE_SIGN_STYLE = Automatic;
				CURRENT_PROJECT_VERSION = 1;
				GENERATE_INFOPLIST_FILE = YES;
				MARKETING_VERSION = 1.0;
				PRODUCT_BUNDLE_IDENTIFIER = "Danny-Zhang.Pokedex-VerkadaUITests";
				PRODUCT_NAME = "$(TARGET_NAME)";
				SWIFT_EMIT_LOC_STRINGS = NO;
				SWIFT_VERSION = 5.0;
				TARGETED_DEVICE_FAMILY = "1,2";
				TEST_TARGET_NAME = "Pokedex-Verkada";
			};
			name = Debug;
		};
		308C8E5B2A942061007270C6 /* Release */ = {
			isa = XCBuildConfiguration;
			buildSettings = {
				ALWAYS_EMBED_SWIFT_STANDARD_LIBRARIES = YES;
				CODE_SIGN_STYLE = Automatic;
				CURRENT_PROJECT_VERSION = 1;
				GENERATE_INFOPLIST_FILE = YES;
				MARKETING_VERSION = 1.0;
				PRODUCT_BUNDLE_IDENTIFIER = "Danny-Zhang.Pokedex-VerkadaUITests";
				PRODUCT_NAME = "$(TARGET_NAME)";
				SWIFT_EMIT_LOC_STRINGS = NO;
				SWIFT_VERSION = 5.0;
				TARGETED_DEVICE_FAMILY = "1,2";
				TEST_TARGET_NAME = "Pokedex-Verkada";
			};
			name = Release;
		};
/* End XCBuildConfiguration section */

/* Begin XCConfigurationList section */
		308C8E2A2A942060007270C6 /* Build configuration list for PBXProject "Pokedex-Verkada" */ = {
			isa = XCConfigurationList;
			buildConfigurations = (
				308C8E512A942061007270C6 /* Debug */,
				308C8E522A942061007270C6 /* Release */,
			);
			defaultConfigurationIsVisible = 0;
			defaultConfigurationName = Release;
		};
		308C8E532A942061007270C6 /* Build configuration list for PBXNativeTarget "Pokedex-Verkada" */ = {
			isa = XCConfigurationList;
			buildConfigurations = (
				308C8E542A942061007270C6 /* Debug */,
				308C8E552A942061007270C6 /* Release */,
			);
			defaultConfigurationIsVisible = 0;
			defaultConfigurationName = Release;
		};
		308C8E562A942061007270C6 /* Build configuration list for PBXNativeTarget "Pokedex-VerkadaTests" */ = {
			isa = XCConfigurationList;
			buildConfigurations = (
				308C8E572A942061007270C6 /* Debug */,
				308C8E582A942061007270C6 /* Release */,
			);
			defaultConfigurationIsVisible = 0;
			defaultConfigurationName = Release;
		};
		308C8E592A942061007270C6 /* Build configuration list for PBXNativeTarget "Pokedex-VerkadaUITests" */ = {
			isa = XCConfigurationList;
			buildConfigurations = (
				308C8E5A2A942061007270C6 /* Debug */,
				308C8E5B2A942061007270C6 /* Release */,
			);
			defaultConfigurationIsVisible = 0;
			defaultConfigurationName = Release;
		};
/* End XCConfigurationList section */

/* Begin XCRemoteSwiftPackageReference section */
		308C8E742A94692A007270C6 /* XCRemoteSwiftPackageReference "SDWebImageSwiftUI" */ = {
			isa = XCRemoteSwiftPackageReference;
			repositoryURL = "https://github.com/SDWebImage/SDWebImageSwiftUI.git";
			requirement = {
				kind = upToNextMajorVersion;
				minimumVersion = 2.0.0;
			};
		};
/* End XCRemoteSwiftPackageReference section */

/* Begin XCSwiftPackageProductDependency section */
		308C8E752A94692A007270C6 /* SDWebImageSwiftUI */ = {
			isa = XCSwiftPackageProductDependency;
			package = 308C8E742A94692A007270C6 /* XCRemoteSwiftPackageReference "SDWebImageSwiftUI" */;
			productName = SDWebImageSwiftUI;
		};
/* End XCSwiftPackageProductDependency section */
	};
	rootObject = 308C8E272A942060007270C6 /* Project object */;
}
